
Microsoft Visual Studio Solution File, Format Version 12.00
# Visual Studio 15
VisualStudioVersion = 15.0.27004.2005
MinimumVisualStudioVersion = 10.0.40219.1
Project("{FAE04EC0-301F-11D3-BF4B-00C04F79EFBC}") = "WeatherApp", "WeatherApp\WeatherApp\WeatherApp.csproj", "{A83C3F58-07C9-49CB-91EA-45851D8AC842}"
EndProject
Project("{FAE04EC0-301F-11D3-BF4B-00C04F79EFBC}") = "WeatherApp.Android", "WeatherApp\WeatherApp.Android\WeatherApp.Android.csproj", "{03530F3A-C0A5-4E0B-86F2-D346CE4F023C}"
EndProject
Project("{FAE04EC0-301F-11D3-BF4B-00C04F79EFBC}") = "WeatherApp.iOS", "WeatherApp\WeatherApp.iOS\WeatherApp.iOS.csproj", "{42AEA10F-0B52-4E2E-BE01-43B158C678FB}"
EndProject
Global
	GlobalSection(SolutionConfigurationPlatforms) = preSolution
		Debug|Any CPU = Debug|Any CPU
		Debug|iPhone = Debug|iPhone
		Debug|iPhoneSimulator = Debug|iPhoneSimulator
		Release|Any CPU = Release|Any CPU
		Release|iPhone = Release|iPhone
		Release|iPhoneSimulator = Release|iPhoneSimulator
	EndGlobalSection
	GlobalSection(ProjectConfigurationPlatforms) = postSolution
		{A83C3F58-07C9-49CB-91EA-45851D8AC842}.Debug|Any CPU.ActiveCfg = Debug|Any CPU
		{A83C3F58-07C9-49CB-91EA-45851D8AC842}.Debug|Any CPU.Build.0 = Debug|Any CPU
		{A83C3F58-07C9-49CB-91EA-45851D8AC842}.Debug|iPhone.ActiveCfg = Debug|Any CPU
		{A83C3F58-07C9-49CB-91EA-45851D8AC842}.Debug|iPhone.Build.0 = Debug|Any CPU
		{A83C3F58-07C9-49CB-91EA-45851D8AC842}.Debug|iPhoneSimulator.ActiveCfg = Debug|Any CPU
		{A83C3F58-07C9-49CB-91EA-45851D8AC842}.Debug|iPhoneSimulator.Build.0 = Debug|Any CPU
		{A83C3F58-07C9-49CB-91EA-45851D8AC842}.Release|Any CPU.ActiveCfg = Release|Any CPU
		{A83C3F58-07C9-49CB-91EA-45851D8AC842}.Release|Any CPU.Build.0 = Release|Any CPU
		{A83C3F58-07C9-49CB-91EA-45851D8AC842}.Release|iPhone.ActiveCfg = Release|Any CPU
		{A83C3F58-07C9-49CB-91EA-45851D8AC842}.Release|iPhone.Build.0 = Release|Any CPU
		{A83C3F58-07C9-49CB-91EA-45851D8AC842}.Release|iPhoneSimulator.ActiveCfg = Release|Any CPU
		{A83C3F58-07C9-49CB-91EA-45851D8AC842}.Release|iPhoneSimulator.Build.0 = Release|Any CPU
		{03530F3A-C0A5-4E0B-86F2-D346CE4F023C}.Debug|Any CPU.ActiveCfg = Debug|Any CPU
		{03530F3A-C0A5-4E0B-86F2-D346CE4F023C}.Debug|Any CPU.Build.0 = Debug|Any CPU
		{03530F3A-C0A5-4E0B-86F2-D346CE4F023C}.Debug|Any CPU.Deploy.0 = Debug|Any CPU
		{03530F3A-C0A5-4E0B-86F2-D346CE4F023C}.Debug|iPhone.ActiveCfg = Debug|Any CPU
		{03530F3A-C0A5-4E0B-86F2-D346CE4F023C}.Debug|iPhone.Build.0 = Debug|Any CPU
		{03530F3A-C0A5-4E0B-86F2-D346CE4F023C}.Debug|iPhone.Deploy.0 = Debug|Any CPU
		{03530F3A-C0A5-4E0B-86F2-D346CE4F023C}.Debug|iPhoneSimulator.ActiveCfg = Debug|Any CPU
		{03530F3A-C0A5-4E0B-86F2-D346CE4F023C}.Debug|iPhoneSimulator.Build.0 = Debug|Any CPU
		{03530F3A-C0A5-4E0B-86F2-D346CE4F023C}.Debug|iPhoneSimulator.Deploy.0 = Debug|Any CPU
		{03530F3A-C0A5-4E0B-86F2-D346CE4F023C}.Release|Any CPU.ActiveCfg = Release|Any CPU
		{03530F3A-C0A5-4E0B-86F2-D346CE4F023C}.Release|Any CPU.Build.0 = Release|Any CPU
		{03530F3A-C0A5-4E0B-86F2-D346CE4F023C}.Release|Any CPU.Deploy.0 = Release|Any CPU
		{03530F3A-C0A5-4E0B-86F2-D346CE4F023C}.Release|iPhone.ActiveCfg = Release|Any CPU
		{03530F3A-C0A5-4E0B-86F2-D346CE4F023C}.Release|iPhone.Build.0 = Release|Any CPU
		{03530F3A-C0A5-4E0B-86F2-D346CE4F023C}.Release|iPhone.Deploy.0 = Release|Any CPU
		{03530F3A-C0A5-4E0B-86F2-D346CE4F023C}.Release|iPhoneSimulator.ActiveCfg = Release|Any CPU
		{03530F3A-C0A5-4E0B-86F2-D346CE4F023C}.Release|iPhoneSimulator.Build.0 = Release|Any CPU
		{03530F3A-C0A5-4E0B-86F2-D346CE4F023C}.Release|iPhoneSimulator.Deploy.0 = Release|Any CPU
		{42AEA10F-0B52-4E2E-BE01-43B158C678FB}.Debug|Any CPU.ActiveCfg = Debug|iPhoneSimulator
		{42AEA10F-0B52-4E2E-BE01-43B158C678FB}.Debug|iPhone.ActiveCfg = Debug|iPhone
		{42AEA10F-0B52-4E2E-BE01-43B158C678FB}.Debug|iPhone.Build.0 = Debug|iPhone
		{42AEA10F-0B52-4E2E-BE01-43B158C678FB}.Debug|iPhoneSimulator.ActiveCfg = Debug|iPhoneSimulator
		{42AEA10F-0B52-4E2E-BE01-43B158C678FB}.Debug|iPhoneSimulator.Build.0 = Debug|iPhoneSimulator
		{42AEA10F-0B52-4E2E-BE01-43B158C678FB}.Release|Any CPU.ActiveCfg = Release|iPhoneSimulator
		{42AEA10F-0B52-4E2E-BE01-43B158C678FB}.Release|iPhone.ActiveCfg = Release|iPhone
		{42AEA10F-0B52-4E2E-BE01-43B158C678FB}.Release|iPhone.Build.0 = Release|iPhone
		{42AEA10F-0B52-4E2E-BE01-43B158C678FB}.Release|iPhoneSimulator.ActiveCfg = Release|iPhoneSimulator
		{42AEA10F-0B52-4E2E-BE01-43B158C678FB}.Release|iPhoneSimulator.Build.0 = Release|iPhoneSimulator
	EndGlobalSection
	GlobalSection(SolutionProperties) = preSolution
		HideSolutionNode = FALSE
	EndGlobalSection
	GlobalSection(ExtensibilityGlobals) = postSolution
		SolutionGuid = {CDF4D4B5-71B5-4124-B071-BD6058EF4C1E}
	EndGlobalSection
EndGlobal
